
Microsoft Visual Studio Solution File, Format Version 12.00
# Visual Studio Version 17
VisualStudioVersion = 17.4.33213.308
MinimumVisualStudioVersion = 10.0.40219.1
Project("{FAE04EC0-301F-11D3-BF4B-00C04F79EFBC}") = "Week7Project2", "Week7Project2.csproj", "{DC040C16-349B-4C0C-8FDD-5340FACDA2D5}"
EndProject
Global
	GlobalSection(SolutionConfigurationPlatforms) = preSolution
		Debug|Any CPU = Debug|Any CPU
		Release|Any CPU = Release|Any CPU
	EndGlobalSection
	GlobalSection(ProjectConfigurationPlatforms) = postSolution
		{DC040C16-349B-4C0C-8FDD-5340FACDA2D5}.Debug|Any CPU.ActiveCfg = Debug|Any CPU
		{DC040C16-349B-4C0C-8FDD-5340FACDA2D5}.Debug|Any CPU.Build.0 = Debug|Any CPU
		{DC040C16-349B-4C0C-8FDD-5340FACDA2D5}.Release|Any CPU.ActiveCfg = Release|Any CPU
		{DC040C16-349B-4C0C-8FDD-5340FACDA2D5}.Release|Any CPU.Build.0 = Release|Any CPU
	EndGlobalSection
	GlobalSection(SolutionProperties) = preSolution
		HideSolutionNode = FALSE
	EndGlobalSection
	GlobalSection(ExtensibilityGlobals) = postSolution
		SolutionGuid = {7B25A830-7F47-4231-87BC-222B9E809C06}
	EndGlobalSection
EndGlobal
